# This file is automatically @generated by Cargo.
# It is not intended for manual editing.
version = 3

[[package]]
name = "JA2-ConvertXMLData"
version = "0.1.0"
dependencies = [
 "quick-xml",
]

[[package]]
name = "memchr"
version = "2.7.4"
source = "registry+https://github.com/rust-lang/crates.io-index"
checksum = "78ca9ab1a0babb1e7d5695e3530886289c18cf2f87ec19a575a0abdce112e3a3"

[[package]]
name = "quick-xml"
version = "0.26.0"
source = "registry+https://github.com/rust-lang/crates.io-index"
checksum = "7f50b1c63b38611e7d4d7f68b82d3ad0cc71a2ad2e7f61fc10f1328d917c93cd"
dependencies = [
 "memchr",
]
